
Microsoft Visual Studio Solution File, Format Version 12.00
# Visual Studio Version 17
VisualStudioVersion = 17.4.33122.133
MinimumVisualStudioVersion = 10.0.40219.1
Project("{FAE04EC0-301F-11D3-BF4B-00C04F79EFBC}") = "WebApplication1", "WebApplication1\WebApplication1.csproj", "{7119A605-226A-411B-831C-BF4E6D0A2996}"
EndProject
Global
	GlobalSection(SolutionConfigurationPlatforms) = preSolution
		Debug|Any CPU = Debug|Any CPU
		Release|Any CPU = Release|Any CPU
	EndGlobalSection
	GlobalSection(ProjectConfigurationPlatforms) = postSolution
		{7119A605-226A-411B-831C-BF4E6D0A2996}.Debug|Any CPU.ActiveCfg = Debug|Any CPU
		{7119A605-226A-411B-831C-BF4E6D0A2996}.Debug|Any CPU.Build.0 = Debug|Any CPU
		{7119A605-226A-411B-831C-BF4E6D0A2996}.Release|Any CPU.ActiveCfg = Release|Any CPU
		{7119A605-226A-411B-831C-BF4E6D0A2996}.Release|Any CPU.Build.0 = Release|Any CPU
	EndGlobalSection
	GlobalSection(SolutionProperties) = preSolution
		HideSolutionNode = FALSE
	EndGlobalSection
	GlobalSection(ExtensibilityGlobals) = postSolution
		SolutionGuid = {9D49AC49-B7FD-4DC0-8246-4F0B6F8B052D}
	EndGlobalSection
EndGlobal
